
Microsoft Visual Studio Solution File, Format Version 12.00
# Visual Studio Version 17
VisualStudioVersion = 17.4.33403.182
MinimumVisualStudioVersion = 10.0.40219.1
Project("{FAE04EC0-301F-11D3-BF4B-00C04F79EFBC}") = "GastroLabApp", "GastroLabApp.csproj", "{A9E21DC7-2A93-46DA-BF75-08D8C210AB30}"
EndProject
Global
	GlobalSection(SolutionConfigurationPlatforms) = preSolution
		Debug|Any CPU = Debug|Any CPU
		Release|Any CPU = Release|Any CPU
	EndGlobalSection
	GlobalSection(ProjectConfigurationPlatforms) = postSolution
		{A9E21DC7-2A93-46DA-BF75-08D8C210AB30}.Debug|Any CPU.ActiveCfg = Debug|Any CPU
		{A9E21DC7-2A93-46DA-BF75-08D8C210AB30}.Debug|Any CPU.Build.0 = Debug|Any CPU
		{A9E21DC7-2A93-46DA-BF75-08D8C210AB30}.Release|Any CPU.ActiveCfg = Release|Any CPU
		{A9E21DC7-2A93-46DA-BF75-08D8C210AB30}.Release|Any CPU.Build.0 = Release|Any CPU
	EndGlobalSection
	GlobalSection(SolutionProperties) = preSolution
		HideSolutionNode = FALSE
	EndGlobalSection
	GlobalSection(ExtensibilityGlobals) = postSolution
		SolutionGuid = {98318455-3A67-4085-B4A9-F6E274960716}
	EndGlobalSection
EndGlobal
